// !$*UTF8*$!
{
	archiveVersion = 1;
	classes = {
	};
	objectVersion = 56;
	objects = {

/* Begin PBXBuildFile section */
		EE72C7332A24F5C200FA5A1A /* swiftUIAPICallsApp.swift in Sources */ = {isa = PBXBuildFile; fileRef = EE72C7322A24F5C200FA5A1A /* swiftUIAPICallsApp.swift */; };
		EE72C7352A24F5C200FA5A1A /* ContentView.swift in Sources */ = {isa = PBXBuildFile; fileRef = EE72C7342A24F5C200FA5A1A /* ContentView.swift */; };
		EE72C7372A24F5C400FA5A1A /* Assets.xcassets in Resources */ = {isa = PBXBuildFile; fileRef = EE72C7362A24F5C400FA5A1A /* Assets.xcassets */; };
		EE72C73A2A24F5C400FA5A1A /* Preview Assets.xcassets in Resources */ = {isa = PBXBuildFile; fileRef = EE72C7392A24F5C400FA5A1A /* Preview Assets.xcassets */; };
		EE72C7442A24F5C400FA5A1A /* swiftUIAPICallsTests.swift in Sources */ = {isa = PBXBuildFile; fileRef = EE72C7432A24F5C400FA5A1A /* swiftUIAPICallsTests.swift */; };
		EE72C74E2A24F5C400FA5A1A /* swiftUIAPICallsUITests.swift in Sources */ = {isa = PBXBuildFile; fileRef = EE72C74D2A24F5C400FA5A1A /* swiftUIAPICallsUITests.swift */; };
		EE72C7502A24F5C400FA5A1A /* swiftUIAPICallsUITestsLaunchTests.swift in Sources */ = {isa = PBXBuildFile; fileRef = EE72C74F2A24F5C400FA5A1A /* swiftUIAPICallsUITestsLaunchTests.swift */; };
		EE72C7602A251E6200FA5A1A /* BrowserView.swift in Sources */ = {isa = PBXBuildFile; fileRef = EE72C75F2A251E6200FA5A1A /* BrowserView.swift */; };
		EE72C7622A251E9D00FA5A1A /* secondView.swift in Sources */ = {isa = PBXBuildFile; fileRef = EE72C7612A251E9D00FA5A1A /* secondView.swift */; };
		EE72C7642A251EB500FA5A1A /* thirdView.swift in Sources */ = {isa = PBXBuildFile; fileRef = EE72C7632A251EB500FA5A1A /* thirdView.swift */; };
		EE72C7662A251EC600FA5A1A /* fourthView.swift in Sources */ = {isa = PBXBuildFile; fileRef = EE72C7652A251EC600FA5A1A /* fourthView.swift */; };
		EE72C7682A253A3700FA5A1A /* ApiModelView.swift in Sources */ = {isa = PBXBuildFile; fileRef = EE72C7672A253A3700FA5A1A /* ApiModelView.swift */; };
/* End PBXBuildFile section */

/* Begin PBXContainerItemProxy section */
		EE72C7402A24F5C400FA5A1A /* PBXContainerItemProxy */ = {
			isa = PBXContainerItemProxy;
			containerPortal = EE72C7272A24F5C200FA5A1A /* Project object */;
			proxyType = 1;
			remoteGlobalIDString = EE72C72E2A24F5C200FA5A1A;
			remoteInfo = swiftUIAPICalls;
		};
		EE72C74A2A24F5C400FA5A1A /* PBXContainerItemProxy */ = {
			isa = PBXContainerItemProxy;
			containerPortal = EE72C7272A24F5C200FA5A1A /* Project object */;
			proxyType = 1;
			remoteGlobalIDString = EE72C72E2A24F5C200FA5A1A;
			remoteInfo = swiftUIAPICalls;
		};
/* End PBXContainerItemProxy section */

/* Begin PBXFileReference section */
		EE72C72F2A24F5C200FA5A1A /* swiftUIAPICalls.app */ = {isa = PBXFileReference; explicitFileType = wrapper.application; includeInIndex = 0; path = swiftUIAPICalls.app; sourceTree = BUILT_PRODUCTS_DIR; };
		EE72C7322A24F5C200FA5A1A /* swiftUIAPICallsApp.swift */ = {isa = PBXFileReference; lastKnownFileType = sourcecode.swift; path = swiftUIAPICallsApp.swift; sourceTree = "<group>"; };
		EE72C7342A24F5C200FA5A1A /* ContentView.swift */ = {isa = PBXFileReference; lastKnownFileType = sourcecode.swift; path = ContentView.swift; sourceTree = "<group>"; };
		EE72C7362A24F5C400FA5A1A /* Assets.xcassets */ = {isa = PBXFileReference; lastKnownFileType = folder.assetcatalog; path = Assets.xcassets; sourceTree = "<group>"; };
		EE72C7392A24F5C400FA5A1A /* Preview Assets.xcassets */ = {isa = PBXFileReference; lastKnownFileType = folder.assetcatalog; path = "Preview Assets.xcassets"; sourceTree = "<group>"; };
		EE72C73F2A24F5C400FA5A1A /* swiftUIAPICallsTests.xctest */ = {isa = PBXFileReference; explicitFileType = wrapper.cfbundle; includeInIndex = 0; path = swiftUIAPICallsTests.xctest; sourceTree = BUILT_PRODUCTS_DIR; };
		EE72C7432A24F5C400FA5A1A /* swiftUIAPICallsTests.swift */ = {isa = PBXFileReference; lastKnownFileType = sourcecode.swift; path = swiftUIAPICallsTests.swift; sourceTree = "<group>"; };
		EE72C7492A24F5C400FA5A1A /* swiftUIAPICallsUITests.xctest */ = {isa = PBXFileReference; explicitFileType = wrapper.cfbundle; includeInIndex = 0; path = swiftUIAPICallsUITests.xctest; sourceTree = BUILT_PRODUCTS_DIR; };
		EE72C74D2A24F5C400FA5A1A /* swiftUIAPICallsUITests.swift */ = {isa = PBXFileReference; lastKnownFileType = sourcecode.swift; path = swiftUIAPICallsUITests.swift; sourceTree = "<group>"; };
		EE72C74F2A24F5C400FA5A1A /* swiftUIAPICallsUITestsLaunchTests.swift */ = {isa = PBXFileReference; lastKnownFileType = sourcecode.swift; path = swiftUIAPICallsUITestsLaunchTests.swift; sourceTree = "<group>"; };
		EE72C75F2A251E6200FA5A1A /* BrowserView.swift */ = {isa = PBXFileReference; lastKnownFileType = sourcecode.swift; path = BrowserView.swift; sourceTree = "<group>"; };
		EE72C7612A251E9D00FA5A1A /* secondView.swift */ = {isa = PBXFileReference; lastKnownFileType = sourcecode.swift; path = secondView.swift; sourceTree = "<group>"; };
		EE72C7632A251EB500FA5A1A /* thirdView.swift */ = {isa = PBXFileReference; lastKnownFileType = sourcecode.swift; path = thirdView.swift; sourceTree = "<group>"; };
		EE72C7652A251EC600FA5A1A /* fourthView.swift */ = {isa = PBXFileReference; lastKnownFileType = sourcecode.swift; path = fourthView.swift; sourceTree = "<group>"; };
		EE72C7672A253A3700FA5A1A /* ApiModelView.swift */ = {isa = PBXFileReference; lastKnownFileType = sourcecode.swift; path = ApiModelView.swift; sourceTree = "<group>"; };
/* End PBXFileReference section */

/* Begin PBXFrameworksBuildPhase section */
		EE72C72C2A24F5C200FA5A1A /* Frameworks */ = {
			isa = PBXFrameworksBuildPhase;
			buildActionMask = 2147483647;
			files = (
			);
			runOnlyForDeploymentPostprocessing = 0;
		};
		EE72C73C2A24F5C400FA5A1A /* Frameworks */ = {
			isa = PBXFrameworksBuildPhase;
			buildActionMask = 2147483647;
			files = (
			);
			runOnlyForDeploymentPostprocessing = 0;
		};
		EE72C7462A24F5C400FA5A1A /* Frameworks */ = {
			isa = PBXFrameworksBuildPhase;
			buildActionMask = 2147483647;
			files = (
			);
			runOnlyForDeploymentPostprocessing = 0;
		};
/* End PBXFrameworksBuildPhase section */

/* Begin PBXGroup section */
		EE72C7262A24F5C200FA5A1A = {
			isa = PBXGroup;
			children = (
				EE72C7312A24F5C200FA5A1A /* swiftUIAPICalls */,
				EE72C7422A24F5C400FA5A1A /* swiftUIAPICallsTests */,
				EE72C74C2A24F5C400FA5A1A /* swiftUIAPICallsUITests */,
				EE72C7302A24F5C200FA5A1A /* Products */,
			);
			sourceTree = "<group>";
		};
		EE72C7302A24F5C200FA5A1A /* Products */ = {
			isa = PBXGroup;
			children = (
				EE72C72F2A24F5C200FA5A1A /* swiftUIAPICalls.app */,
				EE72C73F2A24F5C400FA5A1A /* swiftUIAPICallsTests.xctest */,
				EE72C7492A24F5C400FA5A1A /* swiftUIAPICallsUITests.xctest */,
			);
			name = Products;
			sourceTree = "<group>";
		};
		EE72C7312A24F5C200FA5A1A /* swiftUIAPICalls */ = {
			isa = PBXGroup;
			children = (
				EE72C75E2A251E1B00FA5A1A /* Views */,
				EE72C7322A24F5C200FA5A1A /* swiftUIAPICallsApp.swift */,
				EE72C7342A24F5C200FA5A1A /* ContentView.swift */,
				EE72C7362A24F5C400FA5A1A /* Assets.xcassets */,
				EE72C7382A24F5C400FA5A1A /* Preview Content */,
			);
			path = swiftUIAPICalls;
			sourceTree = "<group>";
		};
		EE72C7382A24F5C400FA5A1A /* Preview Content */ = {
			isa = PBXGroup;
			children = (
				EE72C7392A24F5C400FA5A1A /* Preview Assets.xcassets */,
			);
			path = "Preview Content";
			sourceTree = "<group>";
		};
		EE72C7422A24F5C400FA5A1A /* swiftUIAPICallsTests */ = {
			isa = PBXGroup;
			children = (
				EE72C7432A24F5C400FA5A1A /* swiftUIAPICallsTests.swift */,
			);
			path = swiftUIAPICallsTests;
			sourceTree = "<group>";
		};
		EE72C74C2A24F5C400FA5A1A /* swiftUIAPICallsUITests */ = {
			isa = PBXGroup;
			children = (
				EE72C74D2A24F5C400FA5A1A /* swiftUIAPICallsUITests.swift */,
				EE72C74F2A24F5C400FA5A1A /* swiftUIAPICallsUITestsLaunchTests.swift */,
			);
			path = swiftUIAPICallsUITests;
			sourceTree = "<group>";
		};
		EE72C75E2A251E1B00FA5A1A /* Views */ = {
			isa = PBXGroup;
			children = (
				EE72C75F2A251E6200FA5A1A /* BrowserView.swift */,
				EE72C7612A251E9D00FA5A1A /* secondView.swift */,
				EE72C7632A251EB500FA5A1A /* thirdView.swift */,
				EE72C7652A251EC600FA5A1A /* fourthView.swift */,
				EE72C7672A253A3700FA5A1A /* ApiModelView.swift */,
			);
			name = Views;
			sourceTree = "<group>";
		};
/* End PBXGroup section */

/* Begin PBXNativeTarget section */
		EE72C72E2A24F5C200FA5A1A /* swiftUIAPICalls */ = {
			isa = PBXNativeTarget;
			buildConfigurationList = EE72C7532A24F5C400FA5A1A /* Build configuration list for PBXNativeTarget "swiftUIAPICalls" */;
			buildPhases = (
				EE72C72B2A24F5C200FA5A1A /* Sources */,
				EE72C72C2A24F5C200FA5A1A /* Frameworks */,
				EE72C72D2A24F5C200FA5A1A /* Resources */,
			);
			buildRules = (
			);
			dependencies = (
			);
			name = swiftUIAPICalls;
			productName = swiftUIAPICalls;
			productReference = EE72C72F2A24F5C200FA5A1A /* swiftUIAPICalls.app */;
			productType = "com.apple.product-type.application";
		};
		EE72C73E2A24F5C400FA5A1A /* swiftUIAPICallsTests */ = {
			isa = PBXNativeTarget;
			buildConfigurationList = EE72C7562A24F5C400FA5A1A /* Build configuration list for PBXNativeTarget "swiftUIAPICallsTests" */;
			buildPhases = (
				EE72C73B2A24F5C400FA5A1A /* Sources */,
				EE72C73C2A24F5C400FA5A1A /* Frameworks */,
				EE72C73D2A24F5C400FA5A1A /* Resources */,
			);
			buildRules = (
			);
			dependencies = (
				EE72C7412A24F5C400FA5A1A /* PBXTargetDependency */,
			);
			name = swiftUIAPICallsTests;
			productName = swiftUIAPICallsTests;
			productReference = EE72C73F2A24F5C400FA5A1A /* swiftUIAPICallsTests.xctest */;
			productType = "com.apple.product-type.bundle.unit-test";
		};
		EE72C7482A24F5C400FA5A1A /* swiftUIAPICallsUITests */ = {
			isa = PBXNativeTarget;
			buildConfigurationList = EE72C7592A24F5C400FA5A1A /* Build configuration list for PBXNativeTarget "swiftUIAPICallsUITests" */;
			buildPhases = (
				EE72C7452A24F5C400FA5A1A /* Sources */,
				EE72C7462A24F5C400FA5A1A /* Frameworks */,
				EE72C7472A24F5C400FA5A1A /* Resources */,
			);
			buildRules = (
			);
			dependencies = (
				EE72C74B2A24F5C400FA5A1A /* PBXTargetDependency */,
			);
			name = swiftUIAPICallsUITests;
			productName = swiftUIAPICallsUITests;
			productReference = EE72C7492A24F5C400FA5A1A /* swiftUIAPICallsUITests.xctest */;
			productType = "com.apple.product-type.bundle.ui-testing";
		};
/* End PBXNativeTarget section */

/* Begin PBXProject section */
		EE72C7272A24F5C200FA5A1A /* Project object */ = {
			isa = PBXProject;
			attributes = {
				BuildIndependentTargetsInParallel = 1;
				LastSwiftUpdateCheck = 1430;
				LastUpgradeCheck = 1430;
				TargetAttributes = {
					EE72C72E2A24F5C200FA5A1A = {
						CreatedOnToolsVersion = 14.3;
					};
					EE72C73E2A24F5C400FA5A1A = {
						CreatedOnToolsVersion = 14.3;
						TestTargetID = EE72C72E2A24F5C200FA5A1A;
					};
					EE72C7482A24F5C400FA5A1A = {
						CreatedOnToolsVersion = 14.3;
						TestTargetID = EE72C72E2A24F5C200FA5A1A;
					};
				};
			};
			buildConfigurationList = EE72C72A2A24F5C200FA5A1A /* Build configuration list for PBXProject "swiftUIAPICalls" */;
			compatibilityVersion = "Xcode 14.0";
			developmentRegion = en;
			hasScannedForEncodings = 0;
			knownRegions = (
				en,
				Base,
			);
			mainGroup = EE72C7262A24F5C200FA5A1A;
			productRefGroup = EE72C7302A24F5C200FA5A1A /* Products */;
			projectDirPath = "";
			projectRoot = "";
			targets = (
				EE72C72E2A24F5C200FA5A1A /* swiftUIAPICalls */,
				EE72C73E2A24F5C400FA5A1A /* swiftUIAPICallsTests */,
				EE72C7482A24F5C400FA5A1A /* swiftUIAPICallsUITests */,
			);
		};
/* End PBXProject section */

/* Begin PBXResourcesBuildPhase section */
		EE72C72D2A24F5C200FA5A1A /* Resources */ = {
			isa = PBXResourcesBuildPhase;
			buildActionMask = 2147483647;
			files = (
				EE72C73A2A24F5C400FA5A1A /* Preview Assets.xcassets in Resources */,
				EE72C7372A24F5C400FA5A1A /* Assets.xcassets in Resources */,
			);
			runOnlyForDeploymentPostprocessing = 0;
		};
		EE72C73D2A24F5C400FA5A1A /* Resources */ = {
			isa = PBXResourcesBuildPhase;
			buildActionMask = 2147483647;
			files = (
			);
			runOnlyForDeploymentPostprocessing = 0;
		};
		EE72C7472A24F5C400FA5A1A /* Resources */ = {
			isa = PBXResourcesBuildPhase;
			buildActionMask = 2147483647;
			files = (
			);
			runOnlyForDeploymentPostprocessing = 0;
		};
/* End PBXResourcesBuildPhase section */

/* Begin PBXSourcesBuildPhase section */
		EE72C72B2A24F5C200FA5A1A /* Sources */ = {
			isa = PBXSourcesBuildPhase;
			buildActionMask = 2147483647;
			files = (
				EE72C7682A253A3700FA5A1A /* ApiModelView.swift in Sources */,
				EE72C7662A251EC600FA5A1A /* fourthView.swift in Sources */,
				EE72C7622A251E9D00FA5A1A /* secondView.swift in Sources */,
				EE72C7642A251EB500FA5A1A /* thirdView.swift in Sources */,
				EE72C7352A24F5C200FA5A1A /* ContentView.swift in Sources */,
				EE72C7332A24F5C200FA5A1A /* swiftUIAPICallsApp.swift in Sources */,
				EE72C7602A251E6200FA5A1A /* BrowserView.swift in Sources */,
			);
			runOnlyForDeploymentPostprocessing = 0;
		};
		EE72C73B2A24F5C400FA5A1A /* Sources */ = {
			isa = PBXSourcesBuildPhase;
			buildActionMask = 2147483647;
			files = (
				EE72C7442A24F5C400FA5A1A /* swiftUIAPICallsTests.swift in Sources */,
			);
			runOnlyForDeploymentPostprocessing = 0;
		};
		EE72C7452A24F5C400FA5A1A /* Sources */ = {
			isa = PBXSourcesBuildPhase;
			buildActionMask = 2147483647;
			files = (
				EE72C74E2A24F5C400FA5A1A /* swiftUIAPICallsUITests.swift in Sources */,
				EE72C7502A24F5C400FA5A1A /* swiftUIAPICallsUITestsLaunchTests.swift in Sources */,
			);
			runOnlyForDeploymentPostprocessing = 0;
		};
/* End PBXSourcesBuildPhase section */

/* Begin PBXTargetDependency section */
		EE72C7412A24F5C400FA5A1A /* PBXTargetDependency */ = {
			isa = PBXTargetDependency;
			target = EE72C72E2A24F5C200FA5A1A /* swiftUIAPICalls */;
			targetProxy = EE72C7402A24F5C400FA5A1A /* PBXContainerItemProxy */;
		};
		EE72C74B2A24F5C400FA5A1A /* PBXTargetDependency */ = {
			isa = PBXTargetDependency;
			target = EE72C72E2A24F5C200FA5A1A /* swiftUIAPICalls */;
			targetProxy = EE72C74A2A24F5C400FA5A1A /* PBXContainerItemProxy */;
		};
/* End PBXTargetDependency section */

/* Begin XCBuildConfiguration section */
		EE72C7512A24F5C400FA5A1A /* Debug */ = {
			isa = XCBuildConfiguration;
			buildSettings = {
				ALWAYS_SEARCH_USER_PATHS = NO;
				CLANG_ANALYZER_NONNULL = YES;
				CLANG_ANALYZER_NUMBER_OBJECT_CONVERSION = YES_AGGRESSIVE;
				CLANG_CXX_LANGUAGE_STANDARD = "gnu++20";
				CLANG_ENABLE_MODULES = YES;
				CLANG_ENABLE_OBJC_ARC = YES;
				CLANG_ENABLE_OBJC_WEAK = YES;
				CLANG_WARN_BLOCK_CAPTURE_AUTORELEASING = YES;
				CLANG_WARN_BOOL_CONVERSION = YES;
				CLANG_WARN_COMMA = YES;
				CLANG_WARN_CONSTANT_CONVERSION = YES;
				CLANG_WARN_DEPRECATED_OBJC_IMPLEMENTATIONS = YES;
				CLANG_WARN_DIRECT_OBJC_ISA_USAGE = YES_ERROR;
				CLANG_WARN_DOCUMENTATION_COMMENTS = YES;
				CLANG_WARN_EMPTY_BODY = YES;
				CLANG_WARN_ENUM_CONVERSION = YES;
				CLANG_WARN_INFINITE_RECURSION = YES;
				CLANG_WARN_INT_CONVERSION = YES;
				CLANG_WARN_NON_LITERAL_NULL_CONVERSION = YES;
				CLANG_WARN_OBJC_IMPLICIT_RETAIN_SELF = YES;
				CLANG_WARN_OBJC_LITERAL_CONVERSION = YES;
				CLANG_WARN_OBJC_ROOT_CLASS = YES_ERROR;
				CLANG_WARN_QUOTED_INCLUDE_IN_FRAMEWORK_HEADER = YES;
				CLANG_WARN_RANGE_LOOP_ANALYSIS = YES;
				CLANG_WARN_STRICT_PROTOTYPES = YES;
				CLANG_WARN_SUSPICIOUS_MOVE = YES;
				CLANG_WARN_UNGUARDED_AVAILABILITY = YES_AGGRESSIVE;
				CLANG_WARN_UNREACHABLE_CODE = YES;
				CLANG_WARN__DUPLICATE_METHOD_MATCH = YES;
				COPY_PHASE_STRIP = NO;
				DEBUG_INFORMATION_FORMAT = dwarf;
				ENABLE_STRICT_OBJC_MSGSEND = YES;
				ENABLE_TESTABILITY = YES;
				GCC_C_LANGUAGE_STANDARD = gnu11;
				GCC_DYNAMIC_NO_PIC = NO;
				GCC_NO_COMMON_BLOCKS = YES;
				GCC_OPTIMIZATION_LEVEL = 0;
				GCC_PREPROCESSOR_DEFINITIONS = (
					"DEBUG=1",
					"$(inherited)",
				);
				GCC_WARN_64_TO_32_BIT_CONVERSION = YES;
				GCC_WARN_ABOUT_RETURN_TYPE = YES_ERROR;
				GCC_WARN_UNDECLARED_SELECTOR = YES;
				GCC_WARN_UNINITIALIZED_AUTOS = YES_AGGRESSIVE;
				GCC_WARN_UNUSED_FUNCTION = YES;
				GCC_WARN_UNUSED_VARIABLE = YES;
				IPHONEOS_DEPLOYMENT_TARGET = 16.4;
				MTL_ENABLE_DEBUG_INFO = INCLUDE_SOURCE;
				MTL_FAST_MATH = YES;
				ONLY_ACTIVE_ARCH = YES;
				SDKROOT = iphoneos;
				SWIFT_ACTIVE_COMPILATION_CONDITIONS = DEBUG;
				SWIFT_OPTIMIZATION_LEVEL = "-Onone";
			};
			name = Debug;
		};
		EE72C7522A24F5C400FA5A1A /* Release */ = {
			isa = XCBuildConfiguration;
			buildSettings = {
				ALWAYS_SEARCH_USER_PATHS = NO;
				CLANG_ANALYZER_NONNULL = YES;
				CLANG_ANALYZER_NUMBER_OBJECT_CONVERSION = YES_AGGRESSIVE;
				CLANG_CXX_LANGUAGE_STANDARD = "gnu++20";
				CLANG_ENABLE_MODULES = YES;
				CLANG_ENABLE_OBJC_ARC = YES;
				CLANG_ENABLE_OBJC_WEAK = YES;
				CLANG_WARN_BLOCK_CAPTURE_AUTORELEASING = YES;
				CLANG_WARN_BOOL_CONVERSION = YES;
				CLANG_WARN_COMMA = YES;
				CLANG_WARN_CONSTANT_CONVERSION = YES;
				CLANG_WARN_DEPRECATED_OBJC_IMPLEMENTATIONS = YES;
				CLANG_WARN_DIRECT_OBJC_ISA_USAGE = YES_ERROR;
				CLANG_WARN_DOCUMENTATION_COMMENTS = YES;
				CLANG_WARN_EMPTY_BODY = YES;
				CLANG_WARN_ENUM_CONVERSION = YES;
				CLANG_WARN_INFINITE_RECURSION = YES;
				CLANG_WARN_INT_CONVERSION = YES;
				CLANG_WARN_NON_LITERAL_NULL_CONVERSION = YES;
				CLANG_WARN_OBJC_IMPLICIT_RETAIN_SELF = YES;
				CLANG_WARN_OBJC_LITERAL_CONVERSION = YES;
				CLANG_WARN_OBJC_ROOT_CLASS = YES_ERROR;
				CLANG_WARN_QUOTED_INCLUDE_IN_FRAMEWORK_HEADER = YES;
				CLANG_WARN_RANGE_LOOP_ANALYSIS = YES;
				CLANG_WARN_STRICT_PROTOTYPES = YES;
				CLANG_WARN_SUSPICIOUS_MOVE = YES;
				CLANG_WARN_UNGUARDED_AVAILABILITY = YES_AGGRESSIVE;
				CLANG_WARN_UNREACHABLE_CODE = YES;
				CLANG_WARN__DUPLICATE_METHOD_MATCH = YES;
				COPY_PHASE_STRIP = NO;
				DEBUG_INFORMATION_FORMAT = "dwarf-with-dsym";
				ENABLE_NS_ASSERTIONS = NO;
				ENABLE_STRICT_OBJC_MSGSEND = YES;
				GCC_C_LANGUAGE_STANDARD = gnu11;
				GCC_NO_COMMON_BLOCKS = YES;
				GCC_WARN_64_TO_32_BIT_CONVERSION = YES;
				GCC_WARN_ABOUT_RETURN_TYPE = YES_ERROR;
				GCC_WARN_UNDECLARED_SELECTOR = YES;
				GCC_WARN_UNINITIALIZED_AUTOS = YES_AGGRESSIVE;
				GCC_WARN_UNUSED_FUNCTION = YES;
				GCC_WARN_UNUSED_VARIABLE = YES;
				IPHONEOS_DEPLOYMENT_TARGET = 16.4;
				MTL_ENABLE_DEBUG_INFO = NO;
				MTL_FAST_MATH = YES;
				SDKROOT = iphoneos;
				SWIFT_COMPILATION_MODE = wholemodule;
				SWIFT_OPTIMIZATION_LEVEL = "-O";
				VALIDATE_PRODUCT = YES;
			};
			name = Release;
		};
		EE72C7542A24F5C400FA5A1A /* Debug */ = {
			isa = XCBuildConfiguration;
			buildSettings = {
				ASSETCATALOG_COMPILER_APPICON_NAME = AppIcon;
				ASSETCATALOG_COMPILER_GLOBAL_ACCENT_COLOR_NAME = AccentColor;
				CODE_SIGN_STYLE = Automatic;
				CURRENT_PROJECT_VERSION = 1;
				DEVELOPMENT_ASSET_PATHS = "\"swiftUIAPICalls/Preview Content\"";
				ENABLE_PREVIEWS = YES;
				GENERATE_INFOPLIST_FILE = YES;
				INFOPLIST_KEY_UIApplicationSceneManifest_Generation = YES;
				INFOPLIST_KEY_UIApplicationSupportsIndirectInputEvents = YES;
				INFOPLIST_KEY_UILaunchScreen_Generation = YES;
				INFOPLIST_KEY_UISupportedInterfaceOrientations_iPad = "UIInterfaceOrientationPortrait UIInterfaceOrientationPortraitUpsideDown UIInterfaceOrientationLandscapeLeft UIInterfaceOrientationLandscapeRight";
				INFOPLIST_KEY_UISupportedInterfaceOrientations_iPhone = "UIInterfaceOrientationPortrait UIInterfaceOrientationLandscapeLeft UIInterfaceOrientationLandscapeRight";
				LD_RUNPATH_SEARCH_PATHS = (
					"$(inherited)",
					"@executable_path/Frameworks",
				);
				MARKETING_VERSION = 1.0;
				PRODUCT_BUNDLE_IDENTIFIER = test.swiftUIAPICalls;
				PRODUCT_NAME = "$(TARGET_NAME)";
				SWIFT_EMIT_LOC_STRINGS = YES;
				SWIFT_VERSION = 5.0;
				TARGETED_DEVICE_FAMILY = "1,2";
			};
			name = Debug;
		};
		EE72C7552A24F5C400FA5A1A /* Release */ = {
			isa = XCBuildConfiguration;
			buildSettings = {
				ASSETCATALOG_COMPILER_APPICON_NAME = AppIcon;
				ASSETCATALOG_COMPILER_GLOBAL_ACCENT_COLOR_NAME = AccentColor;
				CODE_SIGN_STYLE = Automatic;
				CURRENT_PROJECT_VERSION = 1;
				DEVELOPMENT_ASSET_PATHS = "\"swiftUIAPICalls/Preview Content\"";
				ENABLE_PREVIEWS = YES;
				GENERATE_INFOPLIST_FILE = YES;
				INFOPLIST_KEY_UIApplicationSceneManifest_Generation = YES;
				INFOPLIST_KEY_UIApplicationSupportsIndirectInputEvents = YES;
				INFOPLIST_KEY_UILaunchScreen_Generation = YES;
				INFOPLIST_KEY_UISupportedInterfaceOrientations_iPad = "UIInterfaceOrientationPortrait UIInterfaceOrientationPortraitUpsideDown UIInterfaceOrientationLandscapeLeft UIInterfaceOrientationLandscapeRight";
				INFOPLIST_KEY_UISupportedInterfaceOrientations_iPhone = "UIInterfaceOrientationPortrait UIInterfaceOrientationLandscapeLeft UIInterfaceOrientationLandscapeRight";
				LD_RUNPATH_SEARCH_PATHS = (
					"$(inherited)",
					"@executable_path/Frameworks",
				);
				MARKETING_VERSION = 1.0;
				PRODUCT_BUNDLE_IDENTIFIER = test.swiftUIAPICalls;
				PRODUCT_NAME = "$(TARGET_NAME)";
				SWIFT_EMIT_LOC_STRINGS = YES;
				SWIFT_VERSION = 5.0;
				TARGETED_DEVICE_FAMILY = "1,2";
			};
			name = Release;
		};
		EE72C7572A24F5C400FA5A1A /* Debug */ = {
			isa = XCBuildConfiguration;
			buildSettings = {
				ALWAYS_EMBED_SWIFT_STANDARD_LIBRARIES = YES;
				BUNDLE_LOADER = "$(TEST_HOST)";
				CODE_SIGN_STYLE = Automatic;
				CURRENT_PROJECT_VERSION = 1;
				GENERATE_INFOPLIST_FILE = YES;
				IPHONEOS_DEPLOYMENT_TARGET = 16.4;
				MARKETING_VERSION = 1.0;
				PRODUCT_BUNDLE_IDENTIFIER = test.swiftUIAPICallsTests;
				PRODUCT_NAME = "$(TARGET_NAME)";
				SWIFT_EMIT_LOC_STRINGS = NO;
				SWIFT_VERSION = 5.0;
				TARGETED_DEVICE_FAMILY = "1,2";
				TEST_HOST = "$(BUILT_PRODUCTS_DIR)/swiftUIAPICalls.app/$(BUNDLE_EXECUTABLE_FOLDER_PATH)/swiftUIAPICalls";
			};
			name = Debug;
		};
		EE72C7582A24F5C400FA5A1A /* Release */ = {
			isa = XCBuildConfiguration;
			buildSettings = {
				ALWAYS_EMBED_SWIFT_STANDARD_LIBRARIES = YES;
				BUNDLE_LOADER = "$(TEST_HOST)";
				CODE_SIGN_STYLE = Automatic;
				CURRENT_PROJECT_VERSION = 1;
				GENERATE_INFOPLIST_FILE = YES;
				IPHONEOS_DEPLOYMENT_TARGET = 16.4;
				MARKETING_VERSION = 1.0;
				PRODUCT_BUNDLE_IDENTIFIER = test.swiftUIAPICallsTests;
				PRODUCT_NAME = "$(TARGET_NAME)";
				SWIFT_EMIT_LOC_STRINGS = NO;
				SWIFT_VERSION = 5.0;
				TARGETED_DEVICE_FAMILY = "1,2";
				TEST_HOST = "$(BUILT_PRODUCTS_DIR)/swiftUIAPICalls.app/$(BUNDLE_EXECUTABLE_FOLDER_PATH)/swiftUIAPICalls";
			};
			name = Release;
		};
		EE72C75A2A24F5C400FA5A1A /* Debug */ = {
			isa = XCBuildConfiguration;
			buildSettings = {
				ALWAYS_EMBED_SWIFT_STANDARD_LIBRARIES = YES;
				CODE_SIGN_STYLE = Automatic;
				CURRENT_PROJECT_VERSION = 1;
				GENERATE_INFOPLIST_FILE = YES;
				MARKETING_VERSION = 1.0;
				PRODUCT_BUNDLE_IDENTIFIER = test.swiftUIAPICallsUITests;
				PRODUCT_NAME = "$(TARGET_NAME)";
				SWIFT_EMIT_LOC_STRINGS = NO;
				SWIFT_VERSION = 5.0;
				TARGETED_DEVICE_FAMILY = "1,2";
				TEST_TARGET_NAME = swiftUIAPICalls;
			};
			name = Debug;
		};
		EE72C75B2A24F5C400FA5A1A /* Release */ = {
			isa = XCBuildConfiguration;
			buildSettings = {
				ALWAYS_EMBED_SWIFT_STANDARD_LIBRARIES = YES;
				CODE_SIGN_STYLE = Automatic;
				CURRENT_PROJECT_VERSION = 1;
				GENERATE_INFOPLIST_FILE = YES;
				MARKETING_VERSION = 1.0;
				PRODUCT_BUNDLE_IDENTIFIER = test.swiftUIAPICallsUITests;
				PRODUCT_NAME = "$(TARGET_NAME)";
				SWIFT_EMIT_LOC_STRINGS = NO;
				SWIFT_VERSION = 5.0;
				TARGETED_DEVICE_FAMILY = "1,2";
				TEST_TARGET_NAME = swiftUIAPICalls;
			};
			name = Release;
		};
/* End XCBuildConfiguration section */

/* Begin XCConfigurationList section */
		EE72C72A2A24F5C200FA5A1A /* Build configuration list for PBXProject "swiftUIAPICalls" */ = {
			isa = XCConfigurationList;
			buildConfigurations = (
				EE72C7512A24F5C400FA5A1A /* Debug */,
				EE72C7522A24F5C400FA5A1A /* Release */,
			);
			defaultConfigurationIsVisible = 0;
			defaultConfigurationName = Release;
		};
		EE72C7532A24F5C400FA5A1A /* Build configuration list for PBXNativeTarget "swiftUIAPICalls" */ = {
			isa = XCConfigurationList;
			buildConfigurations = (
				EE72C7542A24F5C400FA5A1A /* Debug */,
				EE72C7552A24F5C400FA5A1A /* Release */,
			);
			defaultConfigurationIsVisible = 0;
			defaultConfigurationName = Release;
		};
		EE72C7562A24F5C400FA5A1A /* Build configuration list for PBXNativeTarget "swiftUIAPICallsTests" */ = {
			isa = XCConfigurationList;
			buildConfigurations = (
				EE72C7572A24F5C400FA5A1A /* Debug */,
				EE72C7582A24F5C400FA5A1A /* Release */,
			);
			defaultConfigurationIsVisible = 0;
			defaultConfigurationName = Release;
		};
		EE72C7592A24F5C400FA5A1A /* Build configuration list for PBXNativeTarget "swiftUIAPICallsUITests" */ = {
			isa = XCConfigurationList;
			buildConfigurations = (
				EE72C75A2A24F5C400FA5A1A /* Debug */,
				EE72C75B2A24F5C400FA5A1A /* Release */,
			);
			defaultConfigurationIsVisible = 0;
			defaultConfigurationName = Release;
		};
/* End XCConfigurationList section */
	};
	rootObject = EE72C7272A24F5C200FA5A1A /* Project object */;
}
